
Microsoft Visual Studio Solution File, Format Version 12.00
# Visual Studio Version 17
VisualStudioVersion = 17.6.33723.286
MinimumVisualStudioVersion = 10.0.40219.1
Project("{8BC9CEB8-8B4A-11D0-8D11-00A0C91BC942}") = "운영체제 과제_2020130030 이수혁", "운영체제 과제_2020130030 이수혁\운영체제 과제_2020130030 이수혁.vcxproj", "{F61177E2-ACBD-4A01-99C6-BB26896DD3FE}"
EndProject
Global
	GlobalSection(SolutionConfigurationPlatforms) = preSolution
		Debug|x64 = Debug|x64
		Debug|x86 = Debug|x86
		Release|x64 = Release|x64
		Release|x86 = Release|x86
	EndGlobalSection
	GlobalSection(ProjectConfigurationPlatforms) = postSolution
		{F61177E2-ACBD-4A01-99C6-BB26896DD3FE}.Debug|x64.ActiveCfg = Debug|x64
		{F61177E2-ACBD-4A01-99C6-BB26896DD3FE}.Debug|x64.Build.0 = Debug|x64
		{F61177E2-ACBD-4A01-99C6-BB26896DD3FE}.Debug|x86.ActiveCfg = Debug|Win32
		{F61177E2-ACBD-4A01-99C6-BB26896DD3FE}.Debug|x86.Build.0 = Debug|Win32
		{F61177E2-ACBD-4A01-99C6-BB26896DD3FE}.Release|x64.ActiveCfg = Release|x64
		{F61177E2-ACBD-4A01-99C6-BB26896DD3FE}.Release|x64.Build.0 = Release|x64
		{F61177E2-ACBD-4A01-99C6-BB26896DD3FE}.Release|x86.ActiveCfg = Release|Win32
		{F61177E2-ACBD-4A01-99C6-BB26896DD3FE}.Release|x86.Build.0 = Release|Win32
	EndGlobalSection
	GlobalSection(SolutionProperties) = preSolution
		HideSolutionNode = FALSE
	EndGlobalSection
	GlobalSection(ExtensibilityGlobals) = postSolution
		SolutionGuid = {222D4505-767E-40AD-93AE-0311EF143D18}
	EndGlobalSection
EndGlobal
